
Microsoft Visual Studio Solution File, Format Version 12.00
# Visual Studio Version 16
VisualStudioVersion = 16.0.29728.190
MinimumVisualStudioVersion = 10.0.40219.1
Project("{FAE04EC0-301F-11D3-BF4B-00C04F79EFBC}") = "Calculator", "Calculator\Calculator.csproj", "{6000EF7A-F3AA-4886-9A70-DC2D457CB803}"
EndProject
Global
	GlobalSection(SolutionConfigurationPlatforms) = preSolution
		Debug|Any CPU = Debug|Any CPU
		Release|Any CPU = Release|Any CPU
	EndGlobalSection
	GlobalSection(ProjectConfigurationPlatforms) = postSolution
		{6000EF7A-F3AA-4886-9A70-DC2D457CB803}.Debug|Any CPU.ActiveCfg = Debug|Any CPU
		{6000EF7A-F3AA-4886-9A70-DC2D457CB803}.Debug|Any CPU.Build.0 = Debug|Any CPU
		{6000EF7A-F3AA-4886-9A70-DC2D457CB803}.Release|Any CPU.ActiveCfg = Release|Any CPU
		{6000EF7A-F3AA-4886-9A70-DC2D457CB803}.Release|Any CPU.Build.0 = Release|Any CPU
	EndGlobalSection
	GlobalSection(SolutionProperties) = preSolution
		HideSolutionNode = FALSE
	EndGlobalSection
	GlobalSection(ExtensibilityGlobals) = postSolution
		SolutionGuid = {1D9EC809-D06E-407F-B153-35B26A8BB047}
	EndGlobalSection
EndGlobal
