
Microsoft Visual Studio Solution File, Format Version 12.00
# Visual Studio Version 16
VisualStudioVersion = 16.0.32901.82
MinimumVisualStudioVersion = 10.0.40219.1
Project("{FAE04EC0-301F-11D3-BF4B-00C04F79EFBC}") = "Abdullah CP Assignment 2", "Abdullah CP Assignment 2\Abdullah CP Assignment 2.csproj", "{328AF784-D52A-4A34-AD75-3FCF46E31D2B}"
EndProject
Global
	GlobalSection(SolutionConfigurationPlatforms) = preSolution
		Debug|Any CPU = Debug|Any CPU
		Release|Any CPU = Release|Any CPU
	EndGlobalSection
	GlobalSection(ProjectConfigurationPlatforms) = postSolution
		{328AF784-D52A-4A34-AD75-3FCF46E31D2B}.Debug|Any CPU.ActiveCfg = Debug|Any CPU
		{328AF784-D52A-4A34-AD75-3FCF46E31D2B}.Debug|Any CPU.Build.0 = Debug|Any CPU
		{328AF784-D52A-4A34-AD75-3FCF46E31D2B}.Release|Any CPU.ActiveCfg = Release|Any CPU
		{328AF784-D52A-4A34-AD75-3FCF46E31D2B}.Release|Any CPU.Build.0 = Release|Any CPU
	EndGlobalSection
	GlobalSection(SolutionProperties) = preSolution
		HideSolutionNode = FALSE
	EndGlobalSection
	GlobalSection(ExtensibilityGlobals) = postSolution
		SolutionGuid = {98C9C8B5-DFF6-4001-9A5F-E8AD0A5A29D2}
	EndGlobalSection
EndGlobal
